
Microsoft Visual Studio Solution File, Format Version 12.00
# Visual Studio Version 17
VisualStudioVersion = 17.7.34018.315
MinimumVisualStudioVersion = 10.0.40219.1
Project("{2150E333-8FDC-42A3-9474-1A3956D46DE8}") = "FrontEnd", "FrontEnd", "{5BA17A23-25DD-4B7F-92AA-B1393BEA14A0}"
EndProject
Project("{2150E333-8FDC-42A3-9474-1A3956D46DE8}") = "Services", "Services", "{D36640FB-FD8F-4924-AD49-C1073AEF097A}"
EndProject
Project("{9A19103F-16F7-4668-BE54-9A1E7A4F7556}") = "GeekShopping.Web", "GeekShopping.Web\GeekShopping.Web.csproj", "{A45E3A78-998B-4B4B-B78F-F70342FE9608}"
EndProject
Project("{9A19103F-16F7-4668-BE54-9A1E7A4F7556}") = "GeekShopping.ProductAPI", "GeekShopping.ProductAPI\GeekShopping.ProductAPI.csproj", "{91CB2832-0802-495A-B2ED-FBCBA51CE28C}"
EndProject
Project("{9A19103F-16F7-4668-BE54-9A1E7A4F7556}") = "GeekShopping.IdentityServer", "GeekShopping.IdentityServer\GeekShopping.IdentityServer.csproj", "{0C91FF67-62B8-41B3-9E6E-D8D4D09220FC}"
EndProject
Project("{9A19103F-16F7-4668-BE54-9A1E7A4F7556}") = "GeekShopping.CartAPI", "GeekShopping.CartAPI\GeekShopping.CartAPI.csproj", "{7CCC8169-A1C4-438E-A1F0-0AD020A672AC}"
EndProject
Project("{9A19103F-16F7-4668-BE54-9A1E7A4F7556}") = "GeekShopping.CouponAPI", "GeekShopping.CouponAPI\GeekShopping.CouponAPI.csproj", "{9C0BACE8-A60E-4514-8E87-ECE7A08494D0}"
EndProject
Project("{2150E333-8FDC-42A3-9474-1A3956D46DE8}") = "Integration", "Integration", "{F100A753-EE41-46AE-9017-91FB0205B488}"
EndProject
Project("{FAE04EC0-301F-11D3-BF4B-00C04F79EFBC}") = "GeekShopping.MessageBus", "GeekShopping.MessageBus\GeekShopping.MessageBus.csproj", "{490419F4-37AE-453A-B594-DAC5EC390A6D}"
EndProject
Global
	GlobalSection(SolutionConfigurationPlatforms) = preSolution
		Debug|Any CPU = Debug|Any CPU
		Release|Any CPU = Release|Any CPU
	EndGlobalSection
	GlobalSection(ProjectConfigurationPlatforms) = postSolution
		{A45E3A78-998B-4B4B-B78F-F70342FE9608}.Debug|Any CPU.ActiveCfg = Debug|Any CPU
		{A45E3A78-998B-4B4B-B78F-F70342FE9608}.Debug|Any CPU.Build.0 = Debug|Any CPU
		{A45E3A78-998B-4B4B-B78F-F70342FE9608}.Release|Any CPU.ActiveCfg = Release|Any CPU
		{A45E3A78-998B-4B4B-B78F-F70342FE9608}.Release|Any CPU.Build.0 = Release|Any CPU
		{91CB2832-0802-495A-B2ED-FBCBA51CE28C}.Debug|Any CPU.ActiveCfg = Debug|Any CPU
		{91CB2832-0802-495A-B2ED-FBCBA51CE28C}.Debug|Any CPU.Build.0 = Debug|Any CPU
		{91CB2832-0802-495A-B2ED-FBCBA51CE28C}.Release|Any CPU.ActiveCfg = Release|Any CPU
		{91CB2832-0802-495A-B2ED-FBCBA51CE28C}.Release|Any CPU.Build.0 = Release|Any CPU
		{0C91FF67-62B8-41B3-9E6E-D8D4D09220FC}.Debug|Any CPU.ActiveCfg = Debug|Any CPU
		{0C91FF67-62B8-41B3-9E6E-D8D4D09220FC}.Debug|Any CPU.Build.0 = Debug|Any CPU
		{0C91FF67-62B8-41B3-9E6E-D8D4D09220FC}.Release|Any CPU.ActiveCfg = Release|Any CPU
		{0C91FF67-62B8-41B3-9E6E-D8D4D09220FC}.Release|Any CPU.Build.0 = Release|Any CPU
		{7CCC8169-A1C4-438E-A1F0-0AD020A672AC}.Debug|Any CPU.ActiveCfg = Debug|Any CPU
		{7CCC8169-A1C4-438E-A1F0-0AD020A672AC}.Debug|Any CPU.Build.0 = Debug|Any CPU
		{7CCC8169-A1C4-438E-A1F0-0AD020A672AC}.Release|Any CPU.ActiveCfg = Release|Any CPU
		{7CCC8169-A1C4-438E-A1F0-0AD020A672AC}.Release|Any CPU.Build.0 = Release|Any CPU
		{9C0BACE8-A60E-4514-8E87-ECE7A08494D0}.Debug|Any CPU.ActiveCfg = Debug|Any CPU
		{9C0BACE8-A60E-4514-8E87-ECE7A08494D0}.Debug|Any CPU.Build.0 = Debug|Any CPU
		{9C0BACE8-A60E-4514-8E87-ECE7A08494D0}.Release|Any CPU.ActiveCfg = Release|Any CPU
		{9C0BACE8-A60E-4514-8E87-ECE7A08494D0}.Release|Any CPU.Build.0 = Release|Any CPU
		{490419F4-37AE-453A-B594-DAC5EC390A6D}.Debug|Any CPU.ActiveCfg = Debug|Any CPU
		{490419F4-37AE-453A-B594-DAC5EC390A6D}.Debug|Any CPU.Build.0 = Debug|Any CPU
		{490419F4-37AE-453A-B594-DAC5EC390A6D}.Release|Any CPU.ActiveCfg = Release|Any CPU
		{490419F4-37AE-453A-B594-DAC5EC390A6D}.Release|Any CPU.Build.0 = Release|Any CPU
	EndGlobalSection
	GlobalSection(SolutionProperties) = preSolution
		HideSolutionNode = FALSE
	EndGlobalSection
	GlobalSection(NestedProjects) = preSolution
		{A45E3A78-998B-4B4B-B78F-F70342FE9608} = {5BA17A23-25DD-4B7F-92AA-B1393BEA14A0}
		{91CB2832-0802-495A-B2ED-FBCBA51CE28C} = {D36640FB-FD8F-4924-AD49-C1073AEF097A}
		{0C91FF67-62B8-41B3-9E6E-D8D4D09220FC} = {D36640FB-FD8F-4924-AD49-C1073AEF097A}
		{7CCC8169-A1C4-438E-A1F0-0AD020A672AC} = {D36640FB-FD8F-4924-AD49-C1073AEF097A}
		{9C0BACE8-A60E-4514-8E87-ECE7A08494D0} = {D36640FB-FD8F-4924-AD49-C1073AEF097A}
		{490419F4-37AE-453A-B594-DAC5EC390A6D} = {F100A753-EE41-46AE-9017-91FB0205B488}
	EndGlobalSection
	GlobalSection(ExtensibilityGlobals) = postSolution
		SolutionGuid = {1A527391-DE87-4236-8EB7-3BB762D3F8D9}
	EndGlobalSection
EndGlobal
